
Microsoft Visual Studio Solution File, Format Version 12.00
# Visual Studio Version 17
VisualStudioVersion = 17.6.33829.357
MinimumVisualStudioVersion = 10.0.40219.1
Project("{FAE04EC0-301F-11D3-BF4B-00C04F79EFBC}") = "WinFormsApp1", "WinFormsApp1\WinFormsApp1.csproj", "{3EF35596-8661-4281-AF50-A11A051564C0}"
EndProject
Global
	GlobalSection(SolutionConfigurationPlatforms) = preSolution
		Debug|Any CPU = Debug|Any CPU
		Release|Any CPU = Release|Any CPU
	EndGlobalSection
	GlobalSection(ProjectConfigurationPlatforms) = postSolution
		{3EF35596-8661-4281-AF50-A11A051564C0}.Debug|Any CPU.ActiveCfg = Debug|Any CPU
		{3EF35596-8661-4281-AF50-A11A051564C0}.Debug|Any CPU.Build.0 = Debug|Any CPU
		{3EF35596-8661-4281-AF50-A11A051564C0}.Release|Any CPU.ActiveCfg = Release|Any CPU
		{3EF35596-8661-4281-AF50-A11A051564C0}.Release|Any CPU.Build.0 = Release|Any CPU
	EndGlobalSection
	GlobalSection(SolutionProperties) = preSolution
		HideSolutionNode = FALSE
	EndGlobalSection
	GlobalSection(ExtensibilityGlobals) = postSolution
		SolutionGuid = {B2E1709A-EB12-4CD8-869E-D8354EE248FD}
	EndGlobalSection
EndGlobal
